# This file is automatically @generated by Poetry 1.5.4 and should not be changed by hand.

[[package]]
name = "pyxel"
version = "2.0.9"
description = "A retro game engine for Python"
optional = false
python-versions = ">=3.7"
files = [
    {file = "pyxel-2.0.9-cp37-abi3-macosx_10_12_x86_64.whl", hash = "sha256:adc56c1ea84063d1dcc82d7834e52df7ab1665c917d68c8c5a9c95ad5c19fdf4"},
    {file = "pyxel-2.0.9-cp37-abi3-macosx_11_0_arm64.whl", hash = "sha256:c043017b88b1c492ceff79e86b803c64d3131b2aee69dde6383f7f0b6ebb5344"},
    {file = "pyxel-2.0.9-cp37-abi3-manylinux_2_17_aarch64.manylinux2014_aarch64.whl", hash = "sha256:31843b1324467326913e4f31bafdff97adeeb3448ea5d6c3840a671ac6710e3e"},
    {file = "pyxel-2.0.9-cp37-abi3-manylinux_2_17_armv7l.manylinux2014_armv7l.whl", hash = "sha256:f035950ee993b00f28d588ead23cfd322f67460fad3123df08652ec48f8e6a6c"},
    {file = "pyxel-2.0.9-cp37-abi3-manylinux_2_17_i686.manylinux2014_i686.whl", hash = "sha256:c116cadf198ad3913d8d8843eed788ab48ac0183efd4a8b4388b3060e14fd5ec"},
    {file = "pyxel-2.0.9-cp37-abi3-manylinux_2_17_x86_64.manylinux2014_x86_64.whl", hash = "sha256:2fb0ed82be454eb8ff3b9df56051fa58e704dc148f26992866b1b48ab3096139"},
    {file = "pyxel-2.0.9-cp37-abi3-win32.whl", hash = "sha256:de1f4aee51ec40b7e35687765f59fbe8a0110d7ee185bef2d78fba8833511af2"},
    {file = "pyxel-2.0.9-cp37-abi3-win_amd64.whl", hash = "sha256:973571a4185ea00af3bb6c600eb5d6d9c14cedbf55ea58bfdd9c42bf89660c96"},
]

[metadata]
lock-version = "2.0"
python-versions = ">=3.10.0,<3.12"
content-hash = "00218c14ecf0a854aec6277f98f7c3f69161b00632efa51f87f32bf53452da43"
